
Microsoft Visual Studio Solution File, Format Version 12.00
# Visual Studio 2012
Project("{FAE04EC0-301F-11D3-BF4B-00C04F79EFBC}") = "aws-sdk-net-core-support", "aws-sdk-net-core-support\aws-sdk-net-core-support.csproj", "{57AAA315-8674-409D-A03D-D6215B56F2EF}"
EndProject
Project("{FAE04EC0-301F-11D3-BF4B-00C04F79EFBC}") = "aws-sdk-net-core-support-test", "aws-sdk-net-core-support-test\aws-sdk-net-core-support-test.csproj", "{64EE49DA-FF99-4921-B66C-D2052AC96B99}"
EndProject
Global
	GlobalSection(SolutionConfigurationPlatforms) = preSolution
		Debug|Any CPU = Debug|Any CPU
		Release|Any CPU = Release|Any CPU
	EndGlobalSection
	GlobalSection(ProjectConfigurationPlatforms) = postSolution
		{57AAA315-8674-409D-A03D-D6215B56F2EF}.Debug|Any CPU.ActiveCfg = Debug|Any CPU
		{57AAA315-8674-409D-A03D-D6215B56F2EF}.Debug|Any CPU.Build.0 = Debug|Any CPU
		{57AAA315-8674-409D-A03D-D6215B56F2EF}.Release|Any CPU.ActiveCfg = Release|Any CPU
		{57AAA315-8674-409D-A03D-D6215B56F2EF}.Release|Any CPU.Build.0 = Release|Any CPU
		{64EE49DA-FF99-4921-B66C-D2052AC96B99}.Debug|Any CPU.ActiveCfg = Debug|Any CPU
		{64EE49DA-FF99-4921-B66C-D2052AC96B99}.Debug|Any CPU.Build.0 = Debug|Any CPU
		{64EE49DA-FF99-4921-B66C-D2052AC96B99}.Release|Any CPU.ActiveCfg = Release|Any CPU
		{64EE49DA-FF99-4921-B66C-D2052AC96B99}.Release|Any CPU.Build.0 = Release|Any CPU
	EndGlobalSection
	GlobalSection(MonoDevelopProperties) = preSolution
		version = 1.0.0
	EndGlobalSection
EndGlobal
